
Microsoft Visual Studio Solution File, Format Version 12.00
# Visual Studio Version 17
VisualStudioVersion = 17.5.002.0
MinimumVisualStudioVersion = 10.0.40219.1
Project("{9A19103F-16F7-4668-BE54-9A1E7A4F7556}") = "rubricaWeb", "rubricaWeb.csproj", "{B71C40D5-3C88-4CC3-AE53-8CAB3101F44D}"
EndProject
Global
	GlobalSection(SolutionConfigurationPlatforms) = preSolution
		Debug|Any CPU = Debug|Any CPU
		Release|Any CPU = Release|Any CPU
	EndGlobalSection
	GlobalSection(ProjectConfigurationPlatforms) = postSolution
		{B71C40D5-3C88-4CC3-AE53-8CAB3101F44D}.Debug|Any CPU.ActiveCfg = Debug|Any CPU
		{B71C40D5-3C88-4CC3-AE53-8CAB3101F44D}.Debug|Any CPU.Build.0 = Debug|Any CPU
		{B71C40D5-3C88-4CC3-AE53-8CAB3101F44D}.Release|Any CPU.ActiveCfg = Release|Any CPU
		{B71C40D5-3C88-4CC3-AE53-8CAB3101F44D}.Release|Any CPU.Build.0 = Release|Any CPU
	EndGlobalSection
	GlobalSection(SolutionProperties) = preSolution
		HideSolutionNode = FALSE
	EndGlobalSection
	GlobalSection(ExtensibilityGlobals) = postSolution
		SolutionGuid = {0B6A6826-57AB-40CB-987A-77B955018E8F}
	EndGlobalSection
EndGlobal
